
Microsoft Visual Studio Solution File, Format Version 12.00
# Visual Studio Version 17
VisualStudioVersion = 17.0.31903.59
MinimumVisualStudioVersion = 10.0.40219.1
Project("{FAE04EC0-301F-11D3-BF4B-00C04F79EFBC}") = "Web.API", "Web.API\Web.API.csproj", "{EF187C9A-88D5-4B9A-9E29-565C1530F389}"
EndProject
Project("{FAE04EC0-301F-11D3-BF4B-00C04F79EFBC}") = "Application", "Application\Application.csproj", "{09A5BD0B-48D4-4EAE-AF77-3E51712320C3}"
EndProject
Project("{FAE04EC0-301F-11D3-BF4B-00C04F79EFBC}") = "Infrastructure", "Infrastructure\Infrastructure.csproj", "{A32D7014-18A8-462F-A262-605099E0C88E}"
EndProject
Project("{FAE04EC0-301F-11D3-BF4B-00C04F79EFBC}") = "Domain", "Domain\Domain.csproj", "{F7E13EC5-3535-4EBD-9DF1-798114C895FB}"
EndProject
Global
	GlobalSection(SolutionConfigurationPlatforms) = preSolution
		Debug|Any CPU = Debug|Any CPU
		Release|Any CPU = Release|Any CPU
	EndGlobalSection
	GlobalSection(SolutionProperties) = preSolution
		HideSolutionNode = FALSE
	EndGlobalSection
	GlobalSection(ProjectConfigurationPlatforms) = postSolution
		{EF187C9A-88D5-4B9A-9E29-565C1530F389}.Debug|Any CPU.ActiveCfg = Debug|Any CPU
		{EF187C9A-88D5-4B9A-9E29-565C1530F389}.Debug|Any CPU.Build.0 = Debug|Any CPU
		{EF187C9A-88D5-4B9A-9E29-565C1530F389}.Release|Any CPU.ActiveCfg = Release|Any CPU
		{EF187C9A-88D5-4B9A-9E29-565C1530F389}.Release|Any CPU.Build.0 = Release|Any CPU
		{09A5BD0B-48D4-4EAE-AF77-3E51712320C3}.Debug|Any CPU.ActiveCfg = Debug|Any CPU
		{09A5BD0B-48D4-4EAE-AF77-3E51712320C3}.Debug|Any CPU.Build.0 = Debug|Any CPU
		{09A5BD0B-48D4-4EAE-AF77-3E51712320C3}.Release|Any CPU.ActiveCfg = Release|Any CPU
		{09A5BD0B-48D4-4EAE-AF77-3E51712320C3}.Release|Any CPU.Build.0 = Release|Any CPU
		{A32D7014-18A8-462F-A262-605099E0C88E}.Debug|Any CPU.ActiveCfg = Debug|Any CPU
		{A32D7014-18A8-462F-A262-605099E0C88E}.Debug|Any CPU.Build.0 = Debug|Any CPU
		{A32D7014-18A8-462F-A262-605099E0C88E}.Release|Any CPU.ActiveCfg = Release|Any CPU
		{A32D7014-18A8-462F-A262-605099E0C88E}.Release|Any CPU.Build.0 = Release|Any CPU
		{F7E13EC5-3535-4EBD-9DF1-798114C895FB}.Debug|Any CPU.ActiveCfg = Debug|Any CPU
		{F7E13EC5-3535-4EBD-9DF1-798114C895FB}.Debug|Any CPU.Build.0 = Debug|Any CPU
		{F7E13EC5-3535-4EBD-9DF1-798114C895FB}.Release|Any CPU.ActiveCfg = Release|Any CPU
		{F7E13EC5-3535-4EBD-9DF1-798114C895FB}.Release|Any CPU.Build.0 = Release|Any CPU
	EndGlobalSection
EndGlobal
